// !$*UTF8*$!
{
	archiveVersion = 1;
	classes = {
	};
	objectVersion = 46;
	objects = {

/* Begin PBXBuildFile section */
		233619ED15469C25008C4545 /* Beans pt1.png in Resources */ = {isa = PBXBuildFile; fileRef = 233619EB15469C25008C4545 /* Beans pt1.png */; };
		233619EE15469C25008C4545 /* Beans pt2.png in Resources */ = {isa = PBXBuildFile; fileRef = 233619EC15469C25008C4545 /* Beans pt2.png */; };
		23EDE88315426B1B00C30632 /* MYRect.m in Sources */ = {isa = PBXBuildFile; fileRef = 23EDE88215426B1B00C30632 /* MYRect.m */; };
		23F7EDE215412E7B009B2297 /* UIKit.framework in Frameworks */ = {isa = PBXBuildFile; fileRef = 23F7EDE115412E7B009B2297 /* UIKit.framework */; };
		23F7EDE415412E7B009B2297 /* Foundation.framework in Frameworks */ = {isa = PBXBuildFile; fileRef = 23F7EDE315412E7B009B2297 /* Foundation.framework */; };
		23F7EDE615412E7B009B2297 /* CoreGraphics.framework in Frameworks */ = {isa = PBXBuildFile; fileRef = 23F7EDE515412E7B009B2297 /* CoreGraphics.framework */; };
		23F7EDEC15412E7B009B2297 /* InfoPlist.strings in Resources */ = {isa = PBXBuildFile; fileRef = 23F7EDEA15412E7B009B2297 /* InfoPlist.strings */; };
		23F7EDEE15412E7B009B2297 /* main.m in Sources */ = {isa = PBXBuildFile; fileRef = 23F7EDED15412E7B009B2297 /* main.m */; };
		23F7EDF215412E7B009B2297 /* AppDelegate.m in Sources */ = {isa = PBXBuildFile; fileRef = 23F7EDF115412E7B009B2297 /* AppDelegate.m */; };
		23F7EE0D15413273009B2297 /* PuzulView.m in Sources */ = {isa = PBXBuildFile; fileRef = 23F7EE0C15413273009B2297 /* PuzulView.m */; };
		23F7EE0F1541340A009B2297 /* QuartzCore.framework in Frameworks */ = {isa = PBXBuildFile; fileRef = 23F7EE0E1541340A009B2297 /* QuartzCore.framework */; };
/* End PBXBuildFile section */

/* Begin PBXFileReference section */
		233619EB15469C25008C4545 /* Beans pt1.png */ = {isa = PBXFileReference; lastKnownFileType = image.png; path = "Beans pt1.png"; sourceTree = "<group>"; };
		233619EC15469C25008C4545 /* Beans pt2.png */ = {isa = PBXFileReference; lastKnownFileType = image.png; path = "Beans pt2.png"; sourceTree = "<group>"; };
		23EDE88115426B1B00C30632 /* MYRect.h */ = {isa = PBXFileReference; fileEncoding = 4; lastKnownFileType = sourcecode.c.h; path = MYRect.h; sourceTree = "<group>"; };
		23EDE88215426B1B00C30632 /* MYRect.m */ = {isa = PBXFileReference; fileEncoding = 4; lastKnownFileType = sourcecode.c.objc; path = MYRect.m; sourceTree = "<group>"; };
		23F7EDDD15412E7B009B2297 /* testPuzule.app */ = {isa = PBXFileReference; explicitFileType = wrapper.application; includeInIndex = 0; path = testPuzule.app; sourceTree = BUILT_PRODUCTS_DIR; };
		23F7EDE115412E7B009B2297 /* UIKit.framework */ = {isa = PBXFileReference; lastKnownFileType = wrapper.framework; name = UIKit.framework; path = System/Library/Frameworks/UIKit.framework; sourceTree = SDKROOT; };
		23F7EDE315412E7B009B2297 /* Foundation.framework */ = {isa = PBXFileReference; lastKnownFileType = wrapper.framework; name = Foundation.framework; path = System/Library/Frameworks/Foundation.framework; sourceTree = SDKROOT; };
		23F7EDE515412E7B009B2297 /* CoreGraphics.framework */ = {isa = PBXFileReference; lastKnownFileType = wrapper.framework; name = CoreGraphics.framework; path = System/Library/Frameworks/CoreGraphics.framework; sourceTree = SDKROOT; };
		23F7EDE915412E7B009B2297 /* testPuzule-Info.plist */ = {isa = PBXFileReference; lastKnownFileType = text.plist.xml; path = "testPuzule-Info.plist"; sourceTree = "<group>"; };
		23F7EDEB15412E7B009B2297 /* en */ = {isa = PBXFileReference; lastKnownFileType = text.plist.strings; name = en; path = en.lproj/InfoPlist.strings; sourceTree = "<group>"; };
		23F7EDED15412E7B009B2297 /* main.m */ = {isa = PBXFileReference; lastKnownFileType = sourcecode.c.objc; path = main.m; sourceTree = "<group>"; };
		23F7EDEF15412E7B009B2297 /* testPuzule-Prefix.pch */ = {isa = PBXFileReference; lastKnownFileType = sourcecode.c.h; path = "testPuzule-Prefix.pch"; sourceTree = "<group>"; };
		23F7EDF015412E7B009B2297 /* AppDelegate.h */ = {isa = PBXFileReference; lastKnownFileType = sourcecode.c.h; path = AppDelegate.h; sourceTree = "<group>"; };
		23F7EDF115412E7B009B2297 /* AppDelegate.m */ = {isa = PBXFileReference; lastKnownFileType = sourcecode.c.objc; path = AppDelegate.m; sourceTree = "<group>"; };
		23F7EE0B15413272009B2297 /* PuzulView.h */ = {isa = PBXFileReference; fileEncoding = 4; lastKnownFileType = sourcecode.c.h; path = PuzulView.h; sourceTree = "<group>"; };
		23F7EE0C15413273009B2297 /* PuzulView.m */ = {isa = PBXFileReference; fileEncoding = 4; lastKnownFileType = sourcecode.c.objc; path = PuzulView.m; sourceTree = "<group>"; };
		23F7EE0E1541340A009B2297 /* QuartzCore.framework */ = {isa = PBXFileReference; lastKnownFileType = wrapper.framework; name = QuartzCore.framework; path = System/Library/Frameworks/QuartzCore.framework; sourceTree = SDKROOT; };
/* End PBXFileReference section */

/* Begin PBXFrameworksBuildPhase section */
		23F7EDDA15412E7B009B2297 /* Frameworks */ = {
			isa = PBXFrameworksBuildPhase;
			buildActionMask = 2147483647;
			files = (
				23F7EE0F1541340A009B2297 /* QuartzCore.framework in Frameworks */,
				23F7EDE215412E7B009B2297 /* UIKit.framework in Frameworks */,
				23F7EDE415412E7B009B2297 /* Foundation.framework in Frameworks */,
				23F7EDE615412E7B009B2297 /* CoreGraphics.framework in Frameworks */,
			);
			runOnlyForDeploymentPostprocessing = 0;
		};
/* End PBXFrameworksBuildPhase section */

/* Begin PBXGroup section */
		23F7EDD215412E7B009B2297 = {
			isa = PBXGroup;
			children = (
				23F7EDE715412E7B009B2297 /* testPuzule */,
				23F7EDE015412E7B009B2297 /* Frameworks */,
				23F7EDDE15412E7B009B2297 /* Products */,
			);
			sourceTree = "<group>";
		};
		23F7EDDE15412E7B009B2297 /* Products */ = {
			isa = PBXGroup;
			children = (
				23F7EDDD15412E7B009B2297 /* testPuzule.app */,
			);
			name = Products;
			sourceTree = "<group>";
		};
		23F7EDE015412E7B009B2297 /* Frameworks */ = {
			isa = PBXGroup;
			children = (
				23F7EE0E1541340A009B2297 /* QuartzCore.framework */,
				23F7EDE115412E7B009B2297 /* UIKit.framework */,
				23F7EDE315412E7B009B2297 /* Foundation.framework */,
				23F7EDE515412E7B009B2297 /* CoreGraphics.framework */,
			);
			name = Frameworks;
			sourceTree = "<group>";
		};
		23F7EDE715412E7B009B2297 /* testPuzule */ = {
			isa = PBXGroup;
			children = (
				233619EB15469C25008C4545 /* Beans pt1.png */,
				233619EC15469C25008C4545 /* Beans pt2.png */,
				23F7EDF015412E7B009B2297 /* AppDelegate.h */,
				23F7EDF115412E7B009B2297 /* AppDelegate.m */,
				23F7EDE815412E7B009B2297 /* Supporting Files */,
				23F7EE0B15413272009B2297 /* PuzulView.h */,
				23F7EE0C15413273009B2297 /* PuzulView.m */,
				23EDE88115426B1B00C30632 /* MYRect.h */,
				23EDE88215426B1B00C30632 /* MYRect.m */,
			);
			path = testPuzule;
			sourceTree = "<group>";
		};
		23F7EDE815412E7B009B2297 /* Supporting Files */ = {
			isa = PBXGroup;
			children = (
				23F7EDE915412E7B009B2297 /* testPuzule-Info.plist */,
				23F7EDEA15412E7B009B2297 /* InfoPlist.strings */,
				23F7EDED15412E7B009B2297 /* main.m */,
				23F7EDEF15412E7B009B2297 /* testPuzule-Prefix.pch */,
			);
			name = "Supporting Files";
			sourceTree = "<group>";
		};
/* End PBXGroup section */

/* Begin PBXNativeTarget section */
		23F7EDDC15412E7B009B2297 /* testPuzule */ = {
			isa = PBXNativeTarget;
			buildConfigurationList = 23F7EDF515412E7B009B2297 /* Build configuration list for PBXNativeTarget "testPuzule" */;
			buildPhases = (
				23F7EDD915412E7B009B2297 /* Sources */,
				23F7EDDA15412E7B009B2297 /* Frameworks */,
				23F7EDDB15412E7B009B2297 /* Resources */,
			);
			buildRules = (
			);
			dependencies = (
			);
			name = testPuzule;
			productName = testPuzule;
			productReference = 23F7EDDD15412E7B009B2297 /* testPuzule.app */;
			productType = "com.apple.product-type.application";
		};
/* End PBXNativeTarget section */

/* Begin PBXProject section */
		23F7EDD415412E7B009B2297 /* Project object */ = {
			isa = PBXProject;
			attributes = {
				LastUpgradeCheck = 0420;
			};
			buildConfigurationList = 23F7EDD715412E7B009B2297 /* Build configuration list for PBXProject "testPuzule" */;
			compatibilityVersion = "Xcode 3.2";
			developmentRegion = English;
			hasScannedForEncodings = 0;
			knownRegions = (
				en,
			);
			mainGroup = 23F7EDD215412E7B009B2297;
			productRefGroup = 23F7EDDE15412E7B009B2297 /* Products */;
			projectDirPath = "";
			projectRoot = "";
			targets = (
				23F7EDDC15412E7B009B2297 /* testPuzule */,
			);
		};
/* End PBXProject section */

/* Begin PBXResourcesBuildPhase section */
		23F7EDDB15412E7B009B2297 /* Resources */ = {
			isa = PBXResourcesBuildPhase;
			buildActionMask = 2147483647;
			files = (
				23F7EDEC15412E7B009B2297 /* InfoPlist.strings in Resources */,
				233619ED15469C25008C4545 /* Beans pt1.png in Resources */,
				233619EE15469C25008C4545 /* Beans pt2.png in Resources */,
			);
			runOnlyForDeploymentPostprocessing = 0;
		};
/* End PBXResourcesBuildPhase section */

/* Begin PBXSourcesBuildPhase section */
		23F7EDD915412E7B009B2297 /* Sources */ = {
			isa = PBXSourcesBuildPhase;
			buildActionMask = 2147483647;
			files = (
				23F7EDEE15412E7B009B2297 /* main.m in Sources */,
				23F7EDF215412E7B009B2297 /* AppDelegate.m in Sources */,
				23F7EE0D15413273009B2297 /* PuzulView.m in Sources */,
				23EDE88315426B1B00C30632 /* MYRect.m in Sources */,
			);
			runOnlyForDeploymentPostprocessing = 0;
		};
/* End PBXSourcesBuildPhase section */

/* Begin PBXVariantGroup section */
		23F7EDEA15412E7B009B2297 /* InfoPlist.strings */ = {
			isa = PBXVariantGroup;
			children = (
				23F7EDEB15412E7B009B2297 /* en */,
			);
			name = InfoPlist.strings;
			sourceTree = "<group>";
		};
/* End PBXVariantGroup section */

/* Begin XCBuildConfiguration section */
		23F7EDF315412E7B009B2297 /* Debug */ = {
			isa = XCBuildConfiguration;
			buildSettings = {
				ALWAYS_SEARCH_USER_PATHS = NO;
				ARCHS = "$(ARCHS_STANDARD_32_BIT)";
				CODE_SIGN_IDENTITY = "";
				"CODE_SIGN_IDENTITY[sdk=iphoneos*]" = "iPhone Distribution: C7 Design Consultancy Limited";
				COPY_PHASE_STRIP = NO;
				GCC_C_LANGUAGE_STANDARD = gnu99;
				GCC_DYNAMIC_NO_PIC = NO;
				GCC_OPTIMIZATION_LEVEL = 0;
				GCC_PREPROCESSOR_DEFINITIONS = (
					"DEBUG=1",
					"$(inherited)",
				);
				GCC_SYMBOLS_PRIVATE_EXTERN = NO;
				GCC_VERSION = com.apple.compilers.llvm.clang.1_0;
				GCC_WARN_ABOUT_MISSING_PROTOTYPES = YES;
				GCC_WARN_ABOUT_RETURN_TYPE = YES;
				GCC_WARN_UNUSED_VARIABLE = YES;
				IPHONEOS_DEPLOYMENT_TARGET = 5.1;
				"PROVISIONING_PROFILE[sdk=iphoneos*]" = "8A59FE2D-70AC-446F-AE5D-8FAF0A4E28CA";
				SDKROOT = iphoneos;
				TARGETED_DEVICE_FAMILY = 2;
			};
			name = Debug;
		};
		23F7EDF415412E7B009B2297 /* Release */ = {
			isa = XCBuildConfiguration;
			buildSettings = {
				ALWAYS_SEARCH_USER_PATHS = NO;
				ARCHS = "$(ARCHS_STANDARD_32_BIT)";
				CODE_SIGN_IDENTITY = "";
				"CODE_SIGN_IDENTITY[sdk=iphoneos*]" = "iPhone Distribution: C7 Design Consultancy Limited";
				COPY_PHASE_STRIP = YES;
				GCC_C_LANGUAGE_STANDARD = gnu99;
				GCC_VERSION = com.apple.compilers.llvm.clang.1_0;
				GCC_WARN_ABOUT_MISSING_PROTOTYPES = YES;
				GCC_WARN_ABOUT_RETURN_TYPE = YES;
				GCC_WARN_UNUSED_VARIABLE = YES;
				IPHONEOS_DEPLOYMENT_TARGET = 5.1;
				OTHER_CFLAGS = "-DNS_BLOCK_ASSERTIONS=1";
				"PROVISIONING_PROFILE[sdk=iphoneos*]" = "8A59FE2D-70AC-446F-AE5D-8FAF0A4E28CA";
				SDKROOT = iphoneos;
				TARGETED_DEVICE_FAMILY = 2;
				VALIDATE_PRODUCT = YES;
			};
			name = Release;
		};
		23F7EDF615412E7B009B2297 /* Debug */ = {
			isa = XCBuildConfiguration;
			buildSettings = {
				CODE_SIGN_IDENTITY = "iPhone Distribution";
				GCC_PRECOMPILE_PREFIX_HEADER = YES;
				GCC_PREFIX_HEADER = "testPuzule/testPuzule-Prefix.pch";
				INFOPLIST_FILE = "testPuzule/testPuzule-Info.plist";
				PRODUCT_NAME = "$(TARGET_NAME)";
				PROVISIONING_PROFILE = "";
				WRAPPER_EXTENSION = app;
			};
			name = Debug;
		};
		23F7EDF715412E7B009B2297 /* Release */ = {
			isa = XCBuildConfiguration;
			buildSettings = {
				CODE_SIGN_IDENTITY = "iPhone Distribution";
				GCC_PRECOMPILE_PREFIX_HEADER = YES;
				GCC_PREFIX_HEADER = "testPuzule/testPuzule-Prefix.pch";
				INFOPLIST_FILE = "testPuzule/testPuzule-Info.plist";
				PRODUCT_NAME = "$(TARGET_NAME)";
				PROVISIONING_PROFILE = "";
				WRAPPER_EXTENSION = app;
			};
			name = Release;
		};
/* End XCBuildConfiguration section */

/* Begin XCConfigurationList section */
		23F7EDD715412E7B009B2297 /* Build configuration list for PBXProject "testPuzule" */ = {
			isa = XCConfigurationList;
			buildConfigurations = (
				23F7EDF315412E7B009B2297 /* Debug */,
				23F7EDF415412E7B009B2297 /* Release */,
			);
			defaultConfigurationIsVisible = 0;
			defaultConfigurationName = Release;
		};
		23F7EDF515412E7B009B2297 /* Build configuration list for PBXNativeTarget "testPuzule" */ = {
			isa = XCConfigurationList;
			buildConfigurations = (
				23F7EDF615412E7B009B2297 /* Debug */,
				23F7EDF715412E7B009B2297 /* Release */,
			);
			defaultConfigurationIsVisible = 0;
			defaultConfigurationName = Release;
		};
/* End XCConfigurationList section */
	};
	rootObject = 23F7EDD415412E7B009B2297 /* Project object */;
}
